{
  "object": {
    "pins": [
      {
        "package": "HexColor",
        "repositoryURL": "https://github.com/BoilerSwift/HexColor.git",
        "state": {
          "branch": null,
          "revision": "2cf8ab0e0aabcace1ee8e553c2acca0b2a561889",
          "version": "1.0.0"
        }
      }
    ]
  },
  "version": 1
}
